dependencies:
- name: ingress-nginx
  repository: https://kubernetes.github.io/ingress-nginx
  version: 4.10.1
- name: cert-manager
  repository: https://charts.jetstack.io
  version: v1.14.5
- name: metrics-server
  repository: https://kubernetes-sigs.github.io/metrics-server/
  version: 3.12.1
- name: kube-prometheus-stack
  repository: https://prometheus-community.github.io/helm-charts
  version: 58.5.3
- name: loki
  repository: https://grafana.github.io/helm-charts
  version: 5.47.2
- name: grafana
  repository: https://grafana.github.io/helm-charts
  version: 7.3.11
- name: promtail
  repository: https://grafana.github.io/helm-charts
  version: 6.15.5
- name: external-dns
  repository: https://kubernetes-sigs.github.io/external-dns/
  version: 1.14.5
digest: sha256:74abd56c60faa7d4dadd08821b64ee97086b8e3279d52c1a2960ac07fc74b91a
generated: "2026-06-17T13:54:52.0061951+05:30"
